
Microsoft Visual Studio Solution File, Format Version 12.00
# Visual Studio Version 16
VisualStudioVersion = 16.0.29920.165
MinimumVisualStudioVersion = 10.0.40219.1
Project("{FAE04EC0-301F-11D3-BF4B-00C04F79EFBC}") = "ServerTCP_UDP", "Sanch.Socket.Klient_Server_TCP_UDP\ServerTCP_UDP.csproj", "{4A74B3E8-79C1-4E13-B87D-9A8D349E13F7}"
EndProject
Project("{FAE04EC0-301F-11D3-BF4B-00C04F79EFBC}") = "ClientTCP_UDP", "ClientTCP\ClientTCP_UDP.csproj", "{B7581B3F-E51B-4C62-801E-EDCDEF3E0226}"
EndProject
Global
	GlobalSection(SolutionConfigurationPlatforms) = preSolution
		Debug|Any CPU = Debug|Any CPU
		Release|Any CPU = Release|Any CPU
	EndGlobalSection
	GlobalSection(ProjectConfigurationPlatforms) = postSolution
		{4A74B3E8-79C1-4E13-B87D-9A8D349E13F7}.Debug|Any CPU.ActiveCfg = Debug|Any CPU
		{4A74B3E8-79C1-4E13-B87D-9A8D349E13F7}.Debug|Any CPU.Build.0 = Debug|Any CPU
		{4A74B3E8-79C1-4E13-B87D-9A8D349E13F7}.Release|Any CPU.ActiveCfg = Release|Any CPU
		{4A74B3E8-79C1-4E13-B87D-9A8D349E13F7}.Release|Any CPU.Build.0 = Release|Any CPU
		{B7581B3F-E51B-4C62-801E-EDCDEF3E0226}.Debug|Any CPU.ActiveCfg = Debug|Any CPU
		{B7581B3F-E51B-4C62-801E-EDCDEF3E0226}.Debug|Any CPU.Build.0 = Debug|Any CPU
		{B7581B3F-E51B-4C62-801E-EDCDEF3E0226}.Release|Any CPU.ActiveCfg = Release|Any CPU
		{B7581B3F-E51B-4C62-801E-EDCDEF3E0226}.Release|Any CPU.Build.0 = Release|Any CPU
	EndGlobalSection
	GlobalSection(SolutionProperties) = preSolution
		HideSolutionNode = FALSE
	EndGlobalSection
	GlobalSection(ExtensibilityGlobals) = postSolution
		SolutionGuid = {E05C57D6-4FE7-40A8-9459-5420E60F97E7}
	EndGlobalSection
EndGlobal
